PODS:
  - LookinServer (1.0.0)
  - Masonry (1.1.0)
  - TYCustomScrollView (0.1.0):
    - Masonry

DEPENDENCIES:
  - LookinServer (= 1.0.0)
  - TYCustomScrollView (from `../`)

SPEC REPOS:
  trunk:
    - LookinServer
    - Masonry

EXTERNAL SOURCES:
  TYCustomScrollView:
    :path: "../"

SPEC CHECKSUMS:
  LookinServer: 0002891cd3cec5e082a910e897dfe71b4f06b89e
  Masonry: 678fab65091a9290e40e2832a55e7ab731aad201
  TYCustomScrollView: 4cc622eb143fa79ca94165abba00384e60b24fb8

PODFILE CHECKSUM: 1e0de367b40869f8a3e7f5a37f79a5e0dc47acbe

COCOAPODS: 1.10.1
